
Microsoft Visual Studio Solution File, Format Version 12.00
# Visual Studio Version 17
VisualStudioVersion = 17.4.33213.308
MinimumVisualStudioVersion = 10.0.40219.1
Project("{FAE04EC0-301F-11D3-BF4B-00C04F79EFBC}") = "escolhercores", "escolhercores.csproj", "{01A6D312-DAE1-4856-9FE2-4FE194565EFE}"
EndProject
Global
	GlobalSection(SolutionConfigurationPlatforms) = preSolution
		Debug|Any CPU = Debug|Any CPU
		Release|Any CPU = Release|Any CPU
	EndGlobalSection
	GlobalSection(ProjectConfigurationPlatforms) = postSolution
		{01A6D312-DAE1-4856-9FE2-4FE194565EFE}.Debug|Any CPU.ActiveCfg = Debug|Any CPU
		{01A6D312-DAE1-4856-9FE2-4FE194565EFE}.Debug|Any CPU.Build.0 = Debug|Any CPU
		{01A6D312-DAE1-4856-9FE2-4FE194565EFE}.Release|Any CPU.ActiveCfg = Release|Any CPU
		{01A6D312-DAE1-4856-9FE2-4FE194565EFE}.Release|Any CPU.Build.0 = Release|Any CPU
	EndGlobalSection
	GlobalSection(SolutionProperties) = preSolution
		HideSolutionNode = FALSE
	EndGlobalSection
	GlobalSection(ExtensibilityGlobals) = postSolution
		SolutionGuid = {F2CA3F49-6DA9-48A8-8C42-09B9AAFD6B61}
	EndGlobalSection
EndGlobal
